
Microsoft Visual Studio Solution File, Format Version 12.00
# Visual Studio Version 16
VisualStudioVersion = 16.0.29519.87
MinimumVisualStudioVersion = 10.0.40219.1
Project("{9A19103F-16F7-4668-BE54-9A1E7A4F7556}") = "MultiLogger", "MultiLogger\MultiLogger.csproj", "{52C1036F-8E8D-420B-AF18-58C3D34E9827}"
EndProject
Project("{9A19103F-16F7-4668-BE54-9A1E7A4F7556}") = "MultiLoggerTests", "MultiLoggerTests\MultiLoggerTests.csproj", "{EF616DAB-5B5C-4923-A496-6712F7A631BA}"
EndProject
Project("{9A19103F-16F7-4668-BE54-9A1E7A4F7556}") = "LoggerTester.NetCore", "LoggerTester.NetCore\LoggerTester.NetCore.csproj", "{3291A382-5990-435C-8B12-68DDFCAEA49D}"
EndProject
Global
	GlobalSection(SolutionConfigurationPlatforms) = preSolution
		Debug|Any CPU = Debug|Any CPU
		Release|Any CPU = Release|Any CPU
	EndGlobalSection
	GlobalSection(ProjectConfigurationPlatforms) = postSolution
		{52C1036F-8E8D-420B-AF18-58C3D34E9827}.Debug|Any CPU.ActiveCfg = Debug|Any CPU
		{52C1036F-8E8D-420B-AF18-58C3D34E9827}.Debug|Any CPU.Build.0 = Debug|Any CPU
		{52C1036F-8E8D-420B-AF18-58C3D34E9827}.Release|Any CPU.ActiveCfg = Release|Any CPU
		{52C1036F-8E8D-420B-AF18-58C3D34E9827}.Release|Any CPU.Build.0 = Release|Any CPU
		{EF616DAB-5B5C-4923-A496-6712F7A631BA}.Debug|Any CPU.ActiveCfg = Debug|Any CPU
		{EF616DAB-5B5C-4923-A496-6712F7A631BA}.Debug|Any CPU.Build.0 = Debug|Any CPU
		{EF616DAB-5B5C-4923-A496-6712F7A631BA}.Release|Any CPU.ActiveCfg = Release|Any CPU
		{EF616DAB-5B5C-4923-A496-6712F7A631BA}.Release|Any CPU.Build.0 = Release|Any CPU
		{3291A382-5990-435C-8B12-68DDFCAEA49D}.Debug|Any CPU.ActiveCfg = Debug|Any CPU
		{3291A382-5990-435C-8B12-68DDFCAEA49D}.Debug|Any CPU.Build.0 = Debug|Any CPU
		{3291A382-5990-435C-8B12-68DDFCAEA49D}.Release|Any CPU.ActiveCfg = Release|Any CPU
		{3291A382-5990-435C-8B12-68DDFCAEA49D}.Release|Any CPU.Build.0 = Release|Any CPU
	EndGlobalSection
	GlobalSection(SolutionProperties) = preSolution
		HideSolutionNode = FALSE
	EndGlobalSection
	GlobalSection(ExtensibilityGlobals) = postSolution
		SolutionGuid = {3EBF306E-A8A1-4FB6-9408-C8A926FD6D5F}
	EndGlobalSection
EndGlobal
